
Microsoft Visual Studio Solution File, Format Version 12.00
# Visual Studio Version 17
VisualStudioVersion = 17.4.33213.308
MinimumVisualStudioVersion = 10.0.40219.1
Project("{2150E333-8FDC-42A3-9474-1A3956D46DE8}") = "Data", "Data", "{6EAF763A-A8CF-4B75-8574-104809F1DCBB}"
EndProject
Project("{2150E333-8FDC-42A3-9474-1A3956D46DE8}") = "Services", "Services", "{F23CA966-EE1F-496E-BABC-F645851436FD}"
EndProject
Project("{2150E333-8FDC-42A3-9474-1A3956D46DE8}") = "Systems", "Systems", "{774CD5A1-E44C-449B-B5E3-39776BFC7829}"
EndProject
Project("{2150E333-8FDC-42A3-9474-1A3956D46DE8}") = "Shared", "Shared", "{391A0620-4744-4425-807C-698ADA012DB6}"
EndProject
Project("{2150E333-8FDC-42A3-9474-1A3956D46DE8}") = "Api", "Api", "{6FB2B0F7-30B5-4A7B-8281-6790EACB7D74}"
EndProject
Project("{2150E333-8FDC-42A3-9474-1A3956D46DE8}") = "Identity", "Identity", "{006BA399-96B2-4DB8-9CEE-B2780681735E}"
EndProject
Project("{9A19103F-16F7-4668-BE54-9A1E7A4F7556}") = "DailyPlanner.Api", "Systems\Api\DailyPlanner.Api\DailyPlanner.Api.csproj", "{66A379BE-E7CB-4A20-83DD-568839D93288}"
EndProject
Project("{9A19103F-16F7-4668-BE54-9A1E7A4F7556}") = "DailyPlanner.Api.Settings", "Systems\Api\DailyPlanner.Api.Settings\DailyPlanner.Api.Settings.csproj", "{4E3D99BF-08F8-49EA-B5B0-817CCDEFCB46}"
EndProject
Project("{9A19103F-16F7-4668-BE54-9A1E7A4F7556}") = "DailyPlanner.Common", "Shared\DailyPlanner.Common\DailyPlanner.Common.csproj", "{F9B32619-EDCA-443C-A455-E765B9B932ED}"
EndProject
Project("{9A19103F-16F7-4668-BE54-9A1E7A4F7556}") = "DailyPlanner.Settings", "Shared\DailyPlanner.Settings\DailyPlanner.Settings.csproj", "{E9868DA5-C585-463E-ADBC-FF6EE91D0E2C}"
EndProject
Project("{9A19103F-16F7-4668-BE54-9A1E7A4F7556}") = "DailyPlanner.Services.Settings", "Services\DailyPlanner.Services.Settings\DailyPlanner.Services.Settings.csproj", "{2E213AF6-7AFC-4063-8AE6-089B4B44CE46}"
EndProject
Project("{E53339B2-1760-4266-BCC7-CA923CBCF16C}") = "docker-compose", "docker-compose.dcproj", "{A394124E-9F08-40C1-8E42-6502BE78F9AD}"
EndProject
Project("{9A19103F-16F7-4668-BE54-9A1E7A4F7556}") = "DailyPlanner.Context.Entities", "Data\DailyPlanner.Context.Entities\DailyPlanner.Context.Entities.csproj", "{9CA861E6-82D1-42FF-946E-361FC65D5A43}"
EndProject
Project("{9A19103F-16F7-4668-BE54-9A1E7A4F7556}") = "DailyPlanner.Context", "Data\DailyPlanner.Context\DailyPlanner.Context.csproj", "{836ADDE1-4E5A-49B0-87FD-6294C7913DF7}"
EndProject
Project("{2150E333-8FDC-42A3-9474-1A3956D46DE8}") = "Migrations", "Migrations", "{CE74125F-1B08-4A39-90C8-9FF862E8DD7C}"
EndProject
Project("{9A19103F-16F7-4668-BE54-9A1E7A4F7556}") = "DailyPlanner.Context.MigrationsPostgreSQL", "Data\Migrations\DailyPlanner.Context.MigrationsPostgreSQL\DailyPlanner.Context.MigrationsPostgreSQL.csproj", "{EF34861F-92B6-4D93-9CB2-DE852B9B5208}"
EndProject
Project("{9A19103F-16F7-4668-BE54-9A1E7A4F7556}") = "DailyPlanner.Services.Notebooks", "Services\DailyPlanner.Services.Notebooks\DailyPlanner.Services.Notebooks.csproj", "{A3F3B5D3-9546-4D82-A374-252DFB7B672F}"
EndProject
Project("{9A19103F-16F7-4668-BE54-9A1E7A4F7556}") = "DailyPlanner.Services.TodoTasks", "Services\DailyPlanner.Services.TodoTasks\DailyPlanner.Services.TodoTasks.csproj", "{608E1FAF-B0F3-4CD2-A7BC-CEEA63F16EBE}"
EndProject
Project("{9A19103F-16F7-4668-BE54-9A1E7A4F7556}") = "DailyPlanner.Identity", "Systems\Identity\DailyPlanner.Identity\DailyPlanner.Identity.csproj", "{3353F58F-8D8B-4D78-A233-49097F9E06D7}"
EndProject
Project("{FAE04EC0-301F-11D3-BF4B-00C04F79EFBC}") = "DailyPlanner.Services.UserAccount", "Services\DailyPlanner.Services.UserAccount\DailyPlanner.Services.UserAccount.csproj", "{9D493707-293A-4D0A-8C4B-B7599B1AACBB}"
EndProject
Global
	GlobalSection(SolutionConfigurationPlatforms) = preSolution
		Debug|Any CPU = Debug|Any CPU
		Release|Any CPU = Release|Any CPU
	EndGlobalSection
	GlobalSection(ProjectConfigurationPlatforms) = postSolution
		{66A379BE-E7CB-4A20-83DD-568839D93288}.Debug|Any CPU.ActiveCfg = Debug|Any CPU
		{66A379BE-E7CB-4A20-83DD-568839D93288}.Debug|Any CPU.Build.0 = Debug|Any CPU
		{66A379BE-E7CB-4A20-83DD-568839D93288}.Release|Any CPU.ActiveCfg = Release|Any CPU
		{66A379BE-E7CB-4A20-83DD-568839D93288}.Release|Any CPU.Build.0 = Release|Any CPU
		{4E3D99BF-08F8-49EA-B5B0-817CCDEFCB46}.Debug|Any CPU.ActiveCfg = Debug|Any CPU
		{4E3D99BF-08F8-49EA-B5B0-817CCDEFCB46}.Debug|Any CPU.Build.0 = Debug|Any CPU
		{4E3D99BF-08F8-49EA-B5B0-817CCDEFCB46}.Release|Any CPU.ActiveCfg = Release|Any CPU
		{4E3D99BF-08F8-49EA-B5B0-817CCDEFCB46}.Release|Any CPU.Build.0 = Release|Any CPU
		{F9B32619-EDCA-443C-A455-E765B9B932ED}.Debug|Any CPU.ActiveCfg = Debug|Any CPU
		{F9B32619-EDCA-443C-A455-E765B9B932ED}.Debug|Any CPU.Build.0 = Debug|Any CPU
		{F9B32619-EDCA-443C-A455-E765B9B932ED}.Release|Any CPU.ActiveCfg = Release|Any CPU
		{F9B32619-EDCA-443C-A455-E765B9B932ED}.Release|Any CPU.Build.0 = Release|Any CPU
		{E9868DA5-C585-463E-ADBC-FF6EE91D0E2C}.Debug|Any CPU.ActiveCfg = Debug|Any CPU
		{E9868DA5-C585-463E-ADBC-FF6EE91D0E2C}.Debug|Any CPU.Build.0 = Debug|Any CPU
		{E9868DA5-C585-463E-ADBC-FF6EE91D0E2C}.Release|Any CPU.ActiveCfg = Release|Any CPU
		{E9868DA5-C585-463E-ADBC-FF6EE91D0E2C}.Release|Any CPU.Build.0 = Release|Any CPU
		{2E213AF6-7AFC-4063-8AE6-089B4B44CE46}.Debug|Any CPU.ActiveCfg = Debug|Any CPU
		{2E213AF6-7AFC-4063-8AE6-089B4B44CE46}.Debug|Any CPU.Build.0 = Debug|Any CPU
		{2E213AF6-7AFC-4063-8AE6-089B4B44CE46}.Release|Any CPU.ActiveCfg = Release|Any CPU
		{2E213AF6-7AFC-4063-8AE6-089B4B44CE46}.Release|Any CPU.Build.0 = Release|Any CPU
		{A394124E-9F08-40C1-8E42-6502BE78F9AD}.Debug|Any CPU.ActiveCfg = Debug|Any CPU
		{A394124E-9F08-40C1-8E42-6502BE78F9AD}.Debug|Any CPU.Build.0 = Debug|Any CPU
		{A394124E-9F08-40C1-8E42-6502BE78F9AD}.Release|Any CPU.ActiveCfg = Release|Any CPU
		{A394124E-9F08-40C1-8E42-6502BE78F9AD}.Release|Any CPU.Build.0 = Release|Any CPU
		{9CA861E6-82D1-42FF-946E-361FC65D5A43}.Debug|Any CPU.ActiveCfg = Debug|Any CPU
		{9CA861E6-82D1-42FF-946E-361FC65D5A43}.Debug|Any CPU.Build.0 = Debug|Any CPU
		{9CA861E6-82D1-42FF-946E-361FC65D5A43}.Release|Any CPU.ActiveCfg = Release|Any CPU
		{9CA861E6-82D1-42FF-946E-361FC65D5A43}.Release|Any CPU.Build.0 = Release|Any CPU
		{836ADDE1-4E5A-49B0-87FD-6294C7913DF7}.Debug|Any CPU.ActiveCfg = Debug|Any CPU
		{836ADDE1-4E5A-49B0-87FD-6294C7913DF7}.Debug|Any CPU.Build.0 = Debug|Any CPU
		{836ADDE1-4E5A-49B0-87FD-6294C7913DF7}.Release|Any CPU.ActiveCfg = Release|Any CPU
		{836ADDE1-4E5A-49B0-87FD-6294C7913DF7}.Release|Any CPU.Build.0 = Release|Any CPU
		{EF34861F-92B6-4D93-9CB2-DE852B9B5208}.Debug|Any CPU.ActiveCfg = Debug|Any CPU
		{EF34861F-92B6-4D93-9CB2-DE852B9B5208}.Debug|Any CPU.Build.0 = Debug|Any CPU
		{EF34861F-92B6-4D93-9CB2-DE852B9B5208}.Release|Any CPU.ActiveCfg = Release|Any CPU
		{EF34861F-92B6-4D93-9CB2-DE852B9B5208}.Release|Any CPU.Build.0 = Release|Any CPU
		{A3F3B5D3-9546-4D82-A374-252DFB7B672F}.Debug|Any CPU.ActiveCfg = Debug|Any CPU
		{A3F3B5D3-9546-4D82-A374-252DFB7B672F}.Debug|Any CPU.Build.0 = Debug|Any CPU
		{A3F3B5D3-9546-4D82-A374-252DFB7B672F}.Release|Any CPU.ActiveCfg = Release|Any CPU
		{A3F3B5D3-9546-4D82-A374-252DFB7B672F}.Release|Any CPU.Build.0 = Release|Any CPU
		{608E1FAF-B0F3-4CD2-A7BC-CEEA63F16EBE}.Debug|Any CPU.ActiveCfg = Debug|Any CPU
		{608E1FAF-B0F3-4CD2-A7BC-CEEA63F16EBE}.Debug|Any CPU.Build.0 = Debug|Any CPU
		{608E1FAF-B0F3-4CD2-A7BC-CEEA63F16EBE}.Release|Any CPU.ActiveCfg = Release|Any CPU
		{608E1FAF-B0F3-4CD2-A7BC-CEEA63F16EBE}.Release|Any CPU.Build.0 = Release|Any CPU
		{3353F58F-8D8B-4D78-A233-49097F9E06D7}.Debug|Any CPU.ActiveCfg = Debug|Any CPU
		{3353F58F-8D8B-4D78-A233-49097F9E06D7}.Debug|Any CPU.Build.0 = Debug|Any CPU
		{3353F58F-8D8B-4D78-A233-49097F9E06D7}.Release|Any CPU.ActiveCfg = Release|Any CPU
		{3353F58F-8D8B-4D78-A233-49097F9E06D7}.Release|Any CPU.Build.0 = Release|Any CPU
		{9D493707-293A-4D0A-8C4B-B7599B1AACBB}.Debug|Any CPU.ActiveCfg = Debug|Any CPU
		{9D493707-293A-4D0A-8C4B-B7599B1AACBB}.Debug|Any CPU.Build.0 = Debug|Any CPU
		{9D493707-293A-4D0A-8C4B-B7599B1AACBB}.Release|Any CPU.ActiveCfg = Release|Any CPU
		{9D493707-293A-4D0A-8C4B-B7599B1AACBB}.Release|Any CPU.Build.0 = Release|Any CPU
	EndGlobalSection
	GlobalSection(SolutionProperties) = preSolution
		HideSolutionNode = FALSE
	EndGlobalSection
	GlobalSection(NestedProjects) = preSolution
		{6FB2B0F7-30B5-4A7B-8281-6790EACB7D74} = {774CD5A1-E44C-449B-B5E3-39776BFC7829}
		{006BA399-96B2-4DB8-9CEE-B2780681735E} = {774CD5A1-E44C-449B-B5E3-39776BFC7829}
		{66A379BE-E7CB-4A20-83DD-568839D93288} = {6FB2B0F7-30B5-4A7B-8281-6790EACB7D74}
		{4E3D99BF-08F8-49EA-B5B0-817CCDEFCB46} = {6FB2B0F7-30B5-4A7B-8281-6790EACB7D74}
		{F9B32619-EDCA-443C-A455-E765B9B932ED} = {391A0620-4744-4425-807C-698ADA012DB6}
		{E9868DA5-C585-463E-ADBC-FF6EE91D0E2C} = {391A0620-4744-4425-807C-698ADA012DB6}
		{2E213AF6-7AFC-4063-8AE6-089B4B44CE46} = {F23CA966-EE1F-496E-BABC-F645851436FD}
		{9CA861E6-82D1-42FF-946E-361FC65D5A43} = {6EAF763A-A8CF-4B75-8574-104809F1DCBB}
		{836ADDE1-4E5A-49B0-87FD-6294C7913DF7} = {6EAF763A-A8CF-4B75-8574-104809F1DCBB}
		{CE74125F-1B08-4A39-90C8-9FF862E8DD7C} = {6EAF763A-A8CF-4B75-8574-104809F1DCBB}
		{EF34861F-92B6-4D93-9CB2-DE852B9B5208} = {CE74125F-1B08-4A39-90C8-9FF862E8DD7C}
		{A3F3B5D3-9546-4D82-A374-252DFB7B672F} = {F23CA966-EE1F-496E-BABC-F645851436FD}
		{608E1FAF-B0F3-4CD2-A7BC-CEEA63F16EBE} = {F23CA966-EE1F-496E-BABC-F645851436FD}
		{3353F58F-8D8B-4D78-A233-49097F9E06D7} = {006BA399-96B2-4DB8-9CEE-B2780681735E}
		{9D493707-293A-4D0A-8C4B-B7599B1AACBB} = {F23CA966-EE1F-496E-BABC-F645851436FD}
	EndGlobalSection
	GlobalSection(ExtensibilityGlobals) = postSolution
		SolutionGuid = {366D6BEC-9EA8-44A4-A69E-8EA229C32EA1}
	EndGlobalSection
EndGlobal
